
Microsoft Visual Studio Solution File, Format Version 12.00
# Visual Studio 15
VisualStudioVersion = 15.0.28307.572
MinimumVisualStudioVersion = 10.0.40219.1
Project("{FAE04EC0-301F-11D3-BF4B-00C04F79EFBC}") = "S7NetPlusTest", "S7NetPlusTest\S7NetPlusTest.csproj", "{413350B1-2C33-448A-A852-AC0044148CD4}"
EndProject
Project("{9A19103F-16F7-4668-BE54-9A1E7A4F7556}") = "S7.Net", "S7.Net\S7.Net.csproj", "{5611756C-F892-4C44-BB22-37A8948E4389}"
EndProject
Global
	GlobalSection(SolutionConfigurationPlatforms) = preSolution
		Debug|Any CPU = Debug|Any CPU
		Release|Any CPU = Release|Any CPU
	EndGlobalSection
	GlobalSection(ProjectConfigurationPlatforms) = postSolution
		{413350B1-2C33-448A-A852-AC0044148CD4}.Debug|Any CPU.ActiveCfg = Debug|Any CPU
		{413350B1-2C33-448A-A852-AC0044148CD4}.Debug|Any CPU.Build.0 = Debug|Any CPU
		{413350B1-2C33-448A-A852-AC0044148CD4}.Release|Any CPU.ActiveCfg = Release|Any CPU
		{413350B1-2C33-448A-A852-AC0044148CD4}.Release|Any CPU.Build.0 = Release|Any CPU
		{5611756C-F892-4C44-BB22-37A8948E4389}.Debug|Any CPU.ActiveCfg = Debug|Any CPU
		{5611756C-F892-4C44-BB22-37A8948E4389}.Debug|Any CPU.Build.0 = Debug|Any CPU
		{5611756C-F892-4C44-BB22-37A8948E4389}.Release|Any CPU.ActiveCfg = Release|Any CPU
		{5611756C-F892-4C44-BB22-37A8948E4389}.Release|Any CPU.Build.0 = Release|Any CPU
	EndGlobalSection
	GlobalSection(SolutionProperties) = preSolution
		HideSolutionNode = FALSE
	EndGlobalSection
	GlobalSection(ExtensibilityGlobals) = postSolution
		SolutionGuid = {D6169B32-F488-4B80-9646-B8764DB69BF3}
	EndGlobalSection
EndGlobal
